
Microsoft Visual Studio Solution File, Format Version 12.00
# Visual Studio Version 16
VisualStudioVersion = 16.0.30717.126
MinimumVisualStudioVersion = 10.0.40219.1
Project("{FAE04EC0-301F-11D3-BF4B-00C04F79EFBC}") = "Feval.Core", "Feval.Core\Feval.Core.csproj", "{5C62EFC7-B18D-4FC0-92B5-016A00BCFAC1}"
EndProject
Project("{FAE04EC0-301F-11D3-BF4B-00C04F79EFBC}") = "Feval.UnitTests", "Feval.UnitTests\Feval.UnitTests.csproj", "{400DE940-CB21-4A4E-A8B3-D1923C559275}"
EndProject
Global
	GlobalSection(SolutionConfigurationPlatforms) = preSolution
		Debug|Any CPU = Debug|Any CPU
		Release|Any CPU = Release|Any CPU
	EndGlobalSection
	GlobalSection(ProjectConfigurationPlatforms) = postSolution
		{5C62EFC7-B18D-4FC0-92B5-016A00BCFAC1}.Debug|Any CPU.ActiveCfg = Debug|Any CPU
		{5C62EFC7-B18D-4FC0-92B5-016A00BCFAC1}.Debug|Any CPU.Build.0 = Debug|Any CPU
		{5C62EFC7-B18D-4FC0-92B5-016A00BCFAC1}.Release|Any CPU.ActiveCfg = Release|Any CPU
		{5C62EFC7-B18D-4FC0-92B5-016A00BCFAC1}.Release|Any CPU.Build.0 = Release|Any CPU
		{400DE940-CB21-4A4E-A8B3-D1923C559275}.Debug|Any CPU.ActiveCfg = Debug|Any CPU
		{400DE940-CB21-4A4E-A8B3-D1923C559275}.Debug|Any CPU.Build.0 = Debug|Any CPU
		{400DE940-CB21-4A4E-A8B3-D1923C559275}.Release|Any CPU.ActiveCfg = Release|Any CPU
		{400DE940-CB21-4A4E-A8B3-D1923C559275}.Release|Any CPU.Build.0 = Release|Any CPU
	EndGlobalSection
	GlobalSection(SolutionProperties) = preSolution
		HideSolutionNode = FALSE
	EndGlobalSection
	GlobalSection(ExtensibilityGlobals) = postSolution
		SolutionGuid = {B91FC41C-E53D-433C-928C-FB233A4A695F}
	EndGlobalSection
EndGlobal
